[[package]]
name = "lox"
version = "0.1.0"
dependencies = [
 "rprompt 1.0.3 (registry+https://github.com/rust-lang/crates.io-index)",
]

[[package]]
name = "rprompt"
version = "1.0.3"
source = "registry+https://github.com/rust-lang/crates.io-index"

[metadata]
"checksum rprompt 1.0.3 (registry+https://github.com/rust-lang/crates.io-index)" = "1601f32bc5858aae3cbfa1c645c96c4d820cc5c16be0194f089560c00b6eb625"
